
Microsoft Visual Studio Solution File, Format Version 12.00
# Visual Studio Version 17
VisualStudioVersion = 17.0.31912.275
MinimumVisualStudioVersion = 10.0.40219.1
Project("{FAE04EC0-301F-11D3-BF4B-00C04F79EFBC}") = "WebServiceTutorial.Android", "WebServiceTutorial\WebServiceTutorial.Android\WebServiceTutorial.Android.csproj", "{96F84156-F6F9-4614-9EBE-8A0B18307A9B}"
EndProject
Project("{FAE04EC0-301F-11D3-BF4B-00C04F79EFBC}") = "WebServiceTutorial.iOS", "WebServiceTutorial\WebServiceTutorial.iOS\WebServiceTutorial.iOS.csproj", "{FB253055-6FB9-4D30-AE45-B8BF6B98CB96}"
EndProject
Project("{FAE04EC0-301F-11D3-BF4B-00C04F79EFBC}") = "WebServiceTutorial", "WebServiceTutorial\WebServiceTutorial\WebServiceTutorial.csproj", "{7ED3442F-3544-4492-8FE3-6C4ED4AF9066}"
EndProject
Global
	GlobalSection(SolutionConfigurationPlatforms) = preSolution
		Debug|Any CPU = Debug|Any CPU
		Debug|iPhone = Debug|iPhone
		Debug|iPhoneSimulator = Debug|iPhoneSimulator
		Release|Any CPU = Release|Any CPU
		Release|iPhone = Release|iPhone
		Release|iPhoneSimulator = Release|iPhoneSimulator
	EndGlobalSection
	GlobalSection(ProjectConfigurationPlatforms) = postSolution
		{96F84156-F6F9-4614-9EBE-8A0B18307A9B}.Debug|Any CPU.ActiveCfg = Debug|Any CPU
		{96F84156-F6F9-4614-9EBE-8A0B18307A9B}.Debug|Any CPU.Build.0 = Debug|Any CPU
		{96F84156-F6F9-4614-9EBE-8A0B18307A9B}.Debug|Any CPU.Deploy.0 = Debug|Any CPU
		{96F84156-F6F9-4614-9EBE-8A0B18307A9B}.Debug|iPhone.ActiveCfg = Debug|Any CPU
		{96F84156-F6F9-4614-9EBE-8A0B18307A9B}.Debug|iPhone.Build.0 = Debug|Any CPU
		{96F84156-F6F9-4614-9EBE-8A0B18307A9B}.Debug|iPhone.Deploy.0 = Debug|Any CPU
		{96F84156-F6F9-4614-9EBE-8A0B18307A9B}.Debug|iPhoneSimulator.ActiveCfg = Debug|Any CPU
		{96F84156-F6F9-4614-9EBE-8A0B18307A9B}.Debug|iPhoneSimulator.Build.0 = Debug|Any CPU
		{96F84156-F6F9-4614-9EBE-8A0B18307A9B}.Debug|iPhoneSimulator.Deploy.0 = Debug|Any CPU
		{96F84156-F6F9-4614-9EBE-8A0B18307A9B}.Release|Any CPU.ActiveCfg = Release|Any CPU
		{96F84156-F6F9-4614-9EBE-8A0B18307A9B}.Release|Any CPU.Build.0 = Release|Any CPU
		{96F84156-F6F9-4614-9EBE-8A0B18307A9B}.Release|Any CPU.Deploy.0 = Release|Any CPU
		{96F84156-F6F9-4614-9EBE-8A0B18307A9B}.Release|iPhone.ActiveCfg = Release|Any CPU
		{96F84156-F6F9-4614-9EBE-8A0B18307A9B}.Release|iPhone.Build.0 = Release|Any CPU
		{96F84156-F6F9-4614-9EBE-8A0B18307A9B}.Release|iPhone.Deploy.0 = Release|Any CPU
		{96F84156-F6F9-4614-9EBE-8A0B18307A9B}.Release|iPhoneSimulator.ActiveCfg = Release|Any CPU
		{96F84156-F6F9-4614-9EBE-8A0B18307A9B}.Release|iPhoneSimulator.Build.0 = Release|Any CPU
		{96F84156-F6F9-4614-9EBE-8A0B18307A9B}.Release|iPhoneSimulator.Deploy.0 = Release|Any CPU
		{FB253055-6FB9-4D30-AE45-B8BF6B98CB96}.Debug|Any CPU.ActiveCfg = Debug|iPhone
		{FB253055-6FB9-4D30-AE45-B8BF6B98CB96}.Debug|Any CPU.Build.0 = Debug|iPhone
		{FB253055-6FB9-4D30-AE45-B8BF6B98CB96}.Debug|Any CPU.Deploy.0 = Debug|iPhone
		{FB253055-6FB9-4D30-AE45-B8BF6B98CB96}.Debug|iPhone.ActiveCfg = Debug|iPhone
		{FB253055-6FB9-4D30-AE45-B8BF6B98CB96}.Debug|iPhone.Build.0 = Debug|iPhone
		{FB253055-6FB9-4D30-AE45-B8BF6B98CB96}.Debug|iPhone.Deploy.0 = Debug|iPhone
		{FB253055-6FB9-4D30-AE45-B8BF6B98CB96}.Debug|iPhoneSimulator.ActiveCfg = Debug|iPhoneSimulator
		{FB253055-6FB9-4D30-AE45-B8BF6B98CB96}.Debug|iPhoneSimulator.Build.0 = Debug|iPhoneSimulator
		{FB253055-6FB9-4D30-AE45-B8BF6B98CB96}.Debug|iPhoneSimulator.Deploy.0 = Debug|iPhoneSimulator
		{FB253055-6FB9-4D30-AE45-B8BF6B98CB96}.Release|Any CPU.ActiveCfg = Release|iPhoneSimulator
		{FB253055-6FB9-4D30-AE45-B8BF6B98CB96}.Release|Any CPU.Build.0 = Release|iPhoneSimulator
		{FB253055-6FB9-4D30-AE45-B8BF6B98CB96}.Release|Any CPU.Deploy.0 = Release|iPhoneSimulator
		{FB253055-6FB9-4D30-AE45-B8BF6B98CB96}.Release|iPhone.ActiveCfg = Release|iPhone
		{FB253055-6FB9-4D30-AE45-B8BF6B98CB96}.Release|iPhone.Build.0 = Release|iPhone
		{FB253055-6FB9-4D30-AE45-B8BF6B98CB96}.Release|iPhone.Deploy.0 = Release|iPhone
		{FB253055-6FB9-4D30-AE45-B8BF6B98CB96}.Release|iPhoneSimulator.ActiveCfg = Release|iPhoneSimulator
		{FB253055-6FB9-4D30-AE45-B8BF6B98CB96}.Release|iPhoneSimulator.Build.0 = Release|iPhoneSimulator
		{FB253055-6FB9-4D30-AE45-B8BF6B98CB96}.Release|iPhoneSimulator.Deploy.0 = Release|iPhoneSimulator
		{7ED3442F-3544-4492-8FE3-6C4ED4AF9066}.Debug|Any CPU.ActiveCfg = Debug|Any CPU
		{7ED3442F-3544-4492-8FE3-6C4ED4AF9066}.Debug|Any CPU.Build.0 = Debug|Any CPU
		{7ED3442F-3544-4492-8FE3-6C4ED4AF9066}.Debug|Any CPU.Deploy.0 = Debug|Any CPU
		{7ED3442F-3544-4492-8FE3-6C4ED4AF9066}.Debug|iPhone.ActiveCfg = Debug|Any CPU
		{7ED3442F-3544-4492-8FE3-6C4ED4AF9066}.Debug|iPhone.Build.0 = Debug|Any CPU
		{7ED3442F-3544-4492-8FE3-6C4ED4AF9066}.Debug|iPhone.Deploy.0 = Debug|Any CPU
		{7ED3442F-3544-4492-8FE3-6C4ED4AF9066}.Debug|iPhoneSimulator.ActiveCfg = Debug|Any CPU
		{7ED3442F-3544-4492-8FE3-6C4ED4AF9066}.Debug|iPhoneSimulator.Build.0 = Debug|Any CPU
		{7ED3442F-3544-4492-8FE3-6C4ED4AF9066}.Debug|iPhoneSimulator.Deploy.0 = Debug|Any CPU
		{7ED3442F-3544-4492-8FE3-6C4ED4AF9066}.Release|Any CPU.ActiveCfg = Release|Any CPU
		{7ED3442F-3544-4492-8FE3-6C4ED4AF9066}.Release|Any CPU.Build.0 = Release|Any CPU
		{7ED3442F-3544-4492-8FE3-6C4ED4AF9066}.Release|Any CPU.Deploy.0 = Release|Any CPU
		{7ED3442F-3544-4492-8FE3-6C4ED4AF9066}.Release|iPhone.ActiveCfg = Release|Any CPU
		{7ED3442F-3544-4492-8FE3-6C4ED4AF9066}.Release|iPhone.Build.0 = Release|Any CPU
		{7ED3442F-3544-4492-8FE3-6C4ED4AF9066}.Release|iPhone.Deploy.0 = Release|Any CPU
		{7ED3442F-3544-4492-8FE3-6C4ED4AF9066}.Release|iPhoneSimulator.ActiveCfg = Release|Any CPU
		{7ED3442F-3544-4492-8FE3-6C4ED4AF9066}.Release|iPhoneSimulator.Build.0 = Release|Any CPU
		{7ED3442F-3544-4492-8FE3-6C4ED4AF9066}.Release|iPhoneSimulator.Deploy.0 = Release|Any CPU
	EndGlobalSection
	GlobalSection(SolutionProperties) = preSolution
		HideSolutionNode = FALSE
	EndGlobalSection
	GlobalSection(ExtensibilityGlobals) = postSolution
		SolutionGuid = {C345E208-376B-4C89-BC0F-9FE288F1A0DE}
	EndGlobalSection
EndGlobal
